
Microsoft Visual Studio Solution File, Format Version 12.00
# Visual Studio Version 17
VisualStudioVersion = 17.2.32616.157
MinimumVisualStudioVersion = 10.0.40219.1
Project("{FAE04EC0-301F-11D3-BF4B-00C04F79EFBC}") = "CrudAdmin", "CrudAdmin\CrudAdmin.csproj", "{66C059D4-B523-4375-93E2-AAACF9772186}"
EndProject
Global
	GlobalSection(SolutionConfigurationPlatforms) = preSolution
		Debug|Any CPU = Debug|Any CPU
		Release|Any CPU = Release|Any CPU
	EndGlobalSection
	GlobalSection(ProjectConfigurationPlatforms) = postSolution
		{66C059D4-B523-4375-93E2-AAACF9772186}.Debug|Any CPU.ActiveCfg = Debug|Any CPU
		{66C059D4-B523-4375-93E2-AAACF9772186}.Debug|Any CPU.Build.0 = Debug|Any CPU
		{66C059D4-B523-4375-93E2-AAACF9772186}.Release|Any CPU.ActiveCfg = Release|Any CPU
		{66C059D4-B523-4375-93E2-AAACF9772186}.Release|Any CPU.Build.0 = Release|Any CPU
	EndGlobalSection
	GlobalSection(SolutionProperties) = preSolution
		HideSolutionNode = FALSE
	EndGlobalSection
	GlobalSection(ExtensibilityGlobals) = postSolution
		SolutionGuid = {37361B83-8874-4647-81B3-27C5C5520308}
	EndGlobalSection
EndGlobal
